
Microsoft Visual Studio Solution File, Format Version 12.00
# Visual Studio Version 17
VisualStudioVersion = 17.4.33213.308
MinimumVisualStudioVersion = 10.0.40219.1
Project("{9A19103F-16F7-4668-BE54-9A1E7A4F7556}") = "ControleDePagamento.Domain", "ControleDePagamento.Domain\ControleDePagamento.Domain.csproj", "{3DD1FF62-B251-4572-BDE4-8A8856F5EF3D}"
EndProject
Project("{9A19103F-16F7-4668-BE54-9A1E7A4F7556}") = "ControleDePagamento.Aplication", "ControleDePagamento.Aplication\ControleDePagamento.Aplication.csproj", "{0014F9AD-C1FC-4D3C-9262-72A6F8632412}"
EndProject
Project("{9A19103F-16F7-4668-BE54-9A1E7A4F7556}") = "ControleDePagamento.Infra.Data", "ControleDePagamento.Infra.Data\ControleDePagamento.Infra.Data.csproj", "{E9356C56-B9E7-4BA2-A787-9A6BDF032742}"
EndProject
Project("{9A19103F-16F7-4668-BE54-9A1E7A4F7556}") = "ControleDePagamento.Web", "ControleDePagamento.Web\ControleDePagamento.Web.csproj", "{E853A2E2-F7C0-4E4F-AB8C-978983E7ACFD}"
EndProject
Project("{FAE04EC0-301F-11D3-BF4B-00C04F79EFBC}") = "Tests", "Tests\Tests.csproj", "{37AFE20A-87BA-4484-8C47-ED557193CDAF}"
EndProject
Global
	GlobalSection(SolutionConfigurationPlatforms) = preSolution
		Debug|Any CPU = Debug|Any CPU
		Release|Any CPU = Release|Any CPU
	EndGlobalSection
	GlobalSection(ProjectConfigurationPlatforms) = postSolution
		{3DD1FF62-B251-4572-BDE4-8A8856F5EF3D}.Debug|Any CPU.ActiveCfg = Debug|Any CPU
		{3DD1FF62-B251-4572-BDE4-8A8856F5EF3D}.Debug|Any CPU.Build.0 = Debug|Any CPU
		{3DD1FF62-B251-4572-BDE4-8A8856F5EF3D}.Release|Any CPU.ActiveCfg = Release|Any CPU
		{3DD1FF62-B251-4572-BDE4-8A8856F5EF3D}.Release|Any CPU.Build.0 = Release|Any CPU
		{0014F9AD-C1FC-4D3C-9262-72A6F8632412}.Debug|Any CPU.ActiveCfg = Debug|Any CPU
		{0014F9AD-C1FC-4D3C-9262-72A6F8632412}.Debug|Any CPU.Build.0 = Debug|Any CPU
		{0014F9AD-C1FC-4D3C-9262-72A6F8632412}.Release|Any CPU.ActiveCfg = Release|Any CPU
		{0014F9AD-C1FC-4D3C-9262-72A6F8632412}.Release|Any CPU.Build.0 = Release|Any CPU
		{E9356C56-B9E7-4BA2-A787-9A6BDF032742}.Debug|Any CPU.ActiveCfg = Debug|Any CPU
		{E9356C56-B9E7-4BA2-A787-9A6BDF032742}.Debug|Any CPU.Build.0 = Debug|Any CPU
		{E9356C56-B9E7-4BA2-A787-9A6BDF032742}.Release|Any CPU.ActiveCfg = Release|Any CPU
		{E9356C56-B9E7-4BA2-A787-9A6BDF032742}.Release|Any CPU.Build.0 = Release|Any CPU
		{E853A2E2-F7C0-4E4F-AB8C-978983E7ACFD}.Debug|Any CPU.ActiveCfg = Debug|Any CPU
		{E853A2E2-F7C0-4E4F-AB8C-978983E7ACFD}.Debug|Any CPU.Build.0 = Debug|Any CPU
		{E853A2E2-F7C0-4E4F-AB8C-978983E7ACFD}.Release|Any CPU.ActiveCfg = Release|Any CPU
		{E853A2E2-F7C0-4E4F-AB8C-978983E7ACFD}.Release|Any CPU.Build.0 = Release|Any CPU
		{37AFE20A-87BA-4484-8C47-ED557193CDAF}.Debug|Any CPU.ActiveCfg = Debug|Any CPU
		{37AFE20A-87BA-4484-8C47-ED557193CDAF}.Debug|Any CPU.Build.0 = Debug|Any CPU
		{37AFE20A-87BA-4484-8C47-ED557193CDAF}.Release|Any CPU.ActiveCfg = Release|Any CPU
		{37AFE20A-87BA-4484-8C47-ED557193CDAF}.Release|Any CPU.Build.0 = Release|Any CPU
	EndGlobalSection
	GlobalSection(SolutionProperties) = preSolution
		HideSolutionNode = FALSE
	EndGlobalSection
	GlobalSection(ExtensibilityGlobals) = postSolution
		SolutionGuid = {D87AE1B3-392F-4A4E-864F-E8B0DEB788E1}
	EndGlobalSection
EndGlobal
